
Microsoft Visual Studio Solution File, Format Version 12.00
# Visual Studio Version 17
VisualStudioVersion = 17.8.34219.65
MinimumVisualStudioVersion = 10.0.40219.1
Project("{FAE04EC0-301F-11D3-BF4B-00C04F79EFBC}") = "PokemonReviewApp", "PokemkonReviewApp\PokemonReviewApp.csproj", "{F9B060AA-E3AF-4916-81D2-7241943B406D}"
EndProject
Global
	GlobalSection(SolutionConfigurationPlatforms) = preSolution
		Debug|Any CPU = Debug|Any CPU
		Release|Any CPU = Release|Any CPU
	EndGlobalSection
	GlobalSection(ProjectConfigurationPlatforms) = postSolution
		{F9B060AA-E3AF-4916-81D2-7241943B406D}.Debug|Any CPU.ActiveCfg = Debug|Any CPU
		{F9B060AA-E3AF-4916-81D2-7241943B406D}.Debug|Any CPU.Build.0 = Debug|Any CPU
		{F9B060AA-E3AF-4916-81D2-7241943B406D}.Release|Any CPU.ActiveCfg = Release|Any CPU
		{F9B060AA-E3AF-4916-81D2-7241943B406D}.Release|Any CPU.Build.0 = Release|Any CPU
	EndGlobalSection
	GlobalSection(SolutionProperties) = preSolution
		HideSolutionNode = FALSE
	EndGlobalSection
	GlobalSection(ExtensibilityGlobals) = postSolution
		SolutionGuid = {273136EB-71B0-443F-8D39-081E6F3BF6D1}
	EndGlobalSection
EndGlobal
